
Microsoft Visual Studio Solution File, Format Version 12.00
# Visual Studio Version 16
VisualStudioVersion = 16.0.30225.117
MinimumVisualStudioVersion = 10.0.40219.1
Project("{FAE04EC0-301F-11D3-BF4B-00C04F79EFBC}") = "FinanceCore", "FinanceCore\FinanceCore.csproj", "{93D59BF8-8A8A-45AE-9195-A0E8DF0971BE}"
EndProject
Global
	GlobalSection(SolutionConfigurationPlatforms) = preSolution
		Debug|Any CPU = Debug|Any CPU
		Release|Any CPU = Release|Any CPU
	EndGlobalSection
	GlobalSection(ProjectConfigurationPlatforms) = postSolution
		{93D59BF8-8A8A-45AE-9195-A0E8DF0971BE}.Debug|Any CPU.ActiveCfg = Debug|Any CPU
		{93D59BF8-8A8A-45AE-9195-A0E8DF0971BE}.Debug|Any CPU.Build.0 = Debug|Any CPU
		{93D59BF8-8A8A-45AE-9195-A0E8DF0971BE}.Release|Any CPU.ActiveCfg = Release|Any CPU
		{93D59BF8-8A8A-45AE-9195-A0E8DF0971BE}.Release|Any CPU.Build.0 = Release|Any CPU
	EndGlobalSection
	GlobalSection(SolutionProperties) = preSolution
		HideSolutionNode = FALSE
	EndGlobalSection
	GlobalSection(ExtensibilityGlobals) = postSolution
		SolutionGuid = {E48D85B5-B81F-48B2-828A-92F1BA748881}
	EndGlobalSection
EndGlobal
